
Microsoft Visual Studio Solution File, Format Version 12.00
# Visual Studio Version 17
VisualStudioVersion = 17.8.34525.116
MinimumVisualStudioVersion = 10.0.40219.1
Project("{FAE04EC0-301F-11D3-BF4B-00C04F79EFBC}") = "QWMS", "QWMS.csproj", "{FEFDCEDB-8535-41DD-88C0-35970D74F1AA}"
EndProject
Project("{FAE04EC0-301F-11D3-BF4B-00C04F79EFBC}") = "QCI_QWMS_Authority", "..\QCI_QWMS_Authority\QCI_QWMS_Authority.csproj", "{B654EC03-49A4-4AE0-B7D1-7E51606BAA98}"
	ProjectSection(ProjectDependencies) = postProject
		{80868612-44ED-438A-B370-5C682E08D796} = {80868612-44ED-438A-B370-5C682E08D796}
		{CA578BA4-6D80-4ED7-BDBC-C636C6A69BA2} = {CA578BA4-6D80-4ED7-BDBC-C636C6A69BA2}
	EndProjectSection
EndProject
Project("{FAE04EC0-301F-11D3-BF4B-00C04F79EFBC}") = "QCI_QWMS_LogData", "..\QCI_QWMS_LogData\QCI_QWMS_LogData.csproj", "{95F3D7EF-E580-427C-BFCB-3E8087C93E85}"
	ProjectSection(ProjectDependencies) = postProject
		{CA578BA4-6D80-4ED7-BDBC-C636C6A69BA2} = {CA578BA4-6D80-4ED7-BDBC-C636C6A69BA2}
	EndProjectSection
EndProject
Project("{FAE04EC0-301F-11D3-BF4B-00C04F79EFBC}") = "QCI_QWMS_PlantData", "..\QCI_QWMS_PlantData\QCI_QWMS_PlantData.csproj", "{3646ED12-4682-4A73-8722-78965F604D7A}"
	ProjectSection(ProjectDependencies) = postProject
		{CA578BA4-6D80-4ED7-BDBC-C636C6A69BA2} = {CA578BA4-6D80-4ED7-BDBC-C636C6A69BA2}
	EndProjectSection
EndProject
Project("{FAE04EC0-301F-11D3-BF4B-00C04F79EFBC}") = "QCI_QWMS_StorageData", "..\QCI_QWMS_StorageData\QCI_QWMS_StorageData.csproj", "{8661DFC5-95CD-468A-860C-9A89B6E87005}"
	ProjectSection(ProjectDependencies) = postProject
		{CA578BA4-6D80-4ED7-BDBC-C636C6A69BA2} = {CA578BA4-6D80-4ED7-BDBC-C636C6A69BA2}
	EndProjectSection
EndProject
Project("{FAE04EC0-301F-11D3-BF4B-00C04F79EFBC}") = "QWMS_CommonInfo_Biz", "..\QWMS_CommonInfo_Biz\QWMS_CommonInfo_Biz.csproj", "{CA578BA4-6D80-4ED7-BDBC-C636C6A69BA2}"
EndProject
Project("{FAE04EC0-301F-11D3-BF4B-00C04F79EFBC}") = "QCI_QWMS_Entity", "..\QCI_QWMS_Entity\QCI_QWMS_Entity.csproj", "{80868612-44ED-438A-B370-5C682E08D796}"
	ProjectSection(ProjectDependencies) = postProject
		{CA578BA4-6D80-4ED7-BDBC-C636C6A69BA2} = {CA578BA4-6D80-4ED7-BDBC-C636C6A69BA2}
	EndProjectSection
EndProject
Project("{FAE04EC0-301F-11D3-BF4B-00C04F79EFBC}") = "QCI_QWMS_Admin", "..\QCI_QWMS_Admin\QCI_QWMS_Admin.csproj", "{8C0D5D15-5519-4453-B405-60D0D499C12D}"
	ProjectSection(ProjectDependencies) = postProject
		{B654EC03-49A4-4AE0-B7D1-7E51606BAA98} = {B654EC03-49A4-4AE0-B7D1-7E51606BAA98}
		{80868612-44ED-438A-B370-5C682E08D796} = {80868612-44ED-438A-B370-5C682E08D796}
		{CA578BA4-6D80-4ED7-BDBC-C636C6A69BA2} = {CA578BA4-6D80-4ED7-BDBC-C636C6A69BA2}
		{95F3D7EF-E580-427C-BFCB-3E8087C93E85} = {95F3D7EF-E580-427C-BFCB-3E8087C93E85}
	EndProjectSection
EndProject
Project("{FAE04EC0-301F-11D3-BF4B-00C04F79EFBC}") = "QCI_QWMS_CarrouselData", "..\QCI_QWMS_CarrouselData\QCI_QWMS_CarrouselData.csproj", "{B28A37D1-39AA-4AEE-8DDF-B296D8142583}"
EndProject
Project("{FAE04EC0-301F-11D3-BF4B-00C04F79EFBC}") = "QCI_QWMS_Counting", "..\QCI_QWMS_Counting\QCI_QWMS_Counting.csproj", "{9FEBF88C-CBAE-4530-B33F-08EA5F00B6DF}"
	ProjectSection(ProjectDependencies) = postProject
		{80868612-44ED-438A-B370-5C682E08D796} = {80868612-44ED-438A-B370-5C682E08D796}
		{CA578BA4-6D80-4ED7-BDBC-C636C6A69BA2} = {CA578BA4-6D80-4ED7-BDBC-C636C6A69BA2}
	EndProjectSection
EndProject
Project("{FAE04EC0-301F-11D3-BF4B-00C04F79EFBC}") = "QCI_QWMS_MixedMaterial", "..\QCI_QWMS_MixedMaterial\QCI_QWMS_MixedMaterial.csproj", "{8692959F-1DDF-4767-A395-E98AE7A7F31C}"
	ProjectSection(ProjectDependencies) = postProject
		{3646ED12-4682-4A73-8722-78965F604D7A} = {3646ED12-4682-4A73-8722-78965F604D7A}
		{CA578BA4-6D80-4ED7-BDBC-C636C6A69BA2} = {CA578BA4-6D80-4ED7-BDBC-C636C6A69BA2}
	EndProjectSection
EndProject
Project("{FAE04EC0-301F-11D3-BF4B-00C04F79EFBC}") = "QCI_QWMS_Replenishment", "..\QCI_QWMS_Replenishment\QCI_QWMS_Replenishment.csproj", "{142E6F43-745E-444D-87DC-98F0981A9FE5}"
	ProjectSection(ProjectDependencies) = postProject
		{CA578BA4-6D80-4ED7-BDBC-C636C6A69BA2} = {CA578BA4-6D80-4ED7-BDBC-C636C6A69BA2}
	EndProjectSection
EndProject
Project("{FAE04EC0-301F-11D3-BF4B-00C04F79EFBC}") = "QCI_QWMS_SapData", "..\QCI_QWMS_SapData\QCI_QWMS_SapData.csproj", "{1315BBA0-E371-48C4-ABD2-1AC894591A63}"
	ProjectSection(ProjectDependencies) = postProject
		{CA578BA4-6D80-4ED7-BDBC-C636C6A69BA2} = {CA578BA4-6D80-4ED7-BDBC-C636C6A69BA2}
	EndProjectSection
EndProject
Project("{FAE04EC0-301F-11D3-BF4B-00C04F79EFBC}") = "QCI_QWMS_StorageIn", "..\QCI_QWMS_StorageIn\QCI_QWMS_StorageIn.csproj", "{8FD994C9-5001-4FB0-888F-1F5F642CB2A7}"
	ProjectSection(ProjectDependencies) = postProject
		{CA578BA4-6D80-4ED7-BDBC-C636C6A69BA2} = {CA578BA4-6D80-4ED7-BDBC-C636C6A69BA2}
		{B28A37D1-39AA-4AEE-8DDF-B296D8142583} = {B28A37D1-39AA-4AEE-8DDF-B296D8142583}
	EndProjectSection
EndProject
Project("{FAE04EC0-301F-11D3-BF4B-00C04F79EFBC}") = "QCI_QWMS_StorageOut", "..\QCI_QWMS_StorageOut\QCI_QWMS_StorageOut.csproj", "{AC32D483-89D5-4426-8308-DD4C0909377E}"
	ProjectSection(ProjectDependencies) = postProject
		{CA578BA4-6D80-4ED7-BDBC-C636C6A69BA2} = {CA578BA4-6D80-4ED7-BDBC-C636C6A69BA2}
	EndProjectSection
EndProject
Project("{FAE04EC0-301F-11D3-BF4B-00C04F79EFBC}") = "QCI_QWMS_Models", "..\QCI_QWMS_Models\QCI_QWMS_Models.csproj", "{9FD8F503-EB4D-4908-8387-AEC63C90E434}"
	ProjectSection(ProjectDependencies) = postProject
		{CA578BA4-6D80-4ED7-BDBC-C636C6A69BA2} = {CA578BA4-6D80-4ED7-BDBC-C636C6A69BA2}
	EndProjectSection
EndProject
Project("{FAE04EC0-301F-11D3-BF4B-00C04F79EFBC}") = "QCI_QWMS_IQCBRMaterial", "..\QCI_QWMS_IQCBRMaterial\QCI_QWMS_IQCBRMaterial.csproj", "{D0987C0C-7460-4CD3-A964-F93EACD43EA8}"
	ProjectSection(ProjectDependencies) = postProject
		{CA578BA4-6D80-4ED7-BDBC-C636C6A69BA2} = {CA578BA4-6D80-4ED7-BDBC-C636C6A69BA2}
	EndProjectSection
EndProject
Project("{FAE04EC0-301F-11D3-BF4B-00C04F79EFBC}") = "QCI_QWMS_Transfer", "..\QCI_QWMS_Transfer\QCI_QWMS_Transfer.csproj", "{78099C44-9210-4226-AA52-9072B360F4FF}"
	ProjectSection(ProjectDependencies) = postProject
		{CA578BA4-6D80-4ED7-BDBC-C636C6A69BA2} = {CA578BA4-6D80-4ED7-BDBC-C636C6A69BA2}
	EndProjectSection
EndProject
Project("{FAE04EC0-301F-11D3-BF4B-00C04F79EFBC}") = "QCI_QWMS_MaterialPic", "..\QCI_QWMS_MaterialPic\QCI_QWMS_MaterialPic.csproj", "{79131ED5-DC45-4A88-8A43-7FB14A83EA9E}"
	ProjectSection(ProjectDependencies) = postProject
		{80868612-44ED-438A-B370-5C682E08D796} = {80868612-44ED-438A-B370-5C682E08D796}
		{3646ED12-4682-4A73-8722-78965F604D7A} = {3646ED12-4682-4A73-8722-78965F604D7A}
		{CA578BA4-6D80-4ED7-BDBC-C636C6A69BA2} = {CA578BA4-6D80-4ED7-BDBC-C636C6A69BA2}
	EndProjectSection
EndProject
Project("{FAE04EC0-301F-11D3-BF4B-00C04F79EFBC}") = "QCI_QWMS_Alim", "..\QCI_QWMS_Alim\QCI_QWMS_Alim.csproj", "{A07790CD-639E-4F36-ACFD-B8EB7D642DFB}"
EndProject
Project("{FAE04EC0-301F-11D3-BF4B-00C04F79EFBC}") = "QCI_QWMS_AGVStorage", "..\QCI_QWMS_AGVStorageIn\QCI_QWMS_AGVStorage.csproj", "{074BE588-7FFF-46E6-A009-3EA78C900200}"
EndProject
Global
	GlobalSection(SolutionConfigurationPlatforms) = preSolution
		Debug|Any CPU = Debug|Any CPU
		Release|Any CPU = Release|Any CPU
	EndGlobalSection
	GlobalSection(ProjectConfigurationPlatforms) = postSolution
		{FEFDCEDB-8535-41DD-88C0-35970D74F1AA}.Debug|Any CPU.ActiveCfg = Debug|Any CPU
		{FEFDCEDB-8535-41DD-88C0-35970D74F1AA}.Debug|Any CPU.Build.0 = Debug|Any CPU
		{FEFDCEDB-8535-41DD-88C0-35970D74F1AA}.Release|Any CPU.ActiveCfg = Release|Any CPU
		{FEFDCEDB-8535-41DD-88C0-35970D74F1AA}.Release|Any CPU.Build.0 = Release|Any CPU
		{B654EC03-49A4-4AE0-B7D1-7E51606BAA98}.Debug|Any CPU.ActiveCfg = Debug|Any CPU
		{B654EC03-49A4-4AE0-B7D1-7E51606BAA98}.Debug|Any CPU.Build.0 = Debug|Any CPU
		{B654EC03-49A4-4AE0-B7D1-7E51606BAA98}.Release|Any CPU.ActiveCfg = Release|Any CPU
		{B654EC03-49A4-4AE0-B7D1-7E51606BAA98}.Release|Any CPU.Build.0 = Release|Any CPU
		{95F3D7EF-E580-427C-BFCB-3E8087C93E85}.Debug|Any CPU.ActiveCfg = Debug|Any CPU
		{95F3D7EF-E580-427C-BFCB-3E8087C93E85}.Debug|Any CPU.Build.0 = Debug|Any CPU
		{95F3D7EF-E580-427C-BFCB-3E8087C93E85}.Release|Any CPU.ActiveCfg = Release|Any CPU
		{95F3D7EF-E580-427C-BFCB-3E8087C93E85}.Release|Any CPU.Build.0 = Release|Any CPU
		{3646ED12-4682-4A73-8722-78965F604D7A}.Debug|Any CPU.ActiveCfg = Debug|Any CPU
		{3646ED12-4682-4A73-8722-78965F604D7A}.Debug|Any CPU.Build.0 = Debug|Any CPU
		{3646ED12-4682-4A73-8722-78965F604D7A}.Release|Any CPU.ActiveCfg = Release|Any CPU
		{3646ED12-4682-4A73-8722-78965F604D7A}.Release|Any CPU.Build.0 = Release|Any CPU
		{8661DFC5-95CD-468A-860C-9A89B6E87005}.Debug|Any CPU.ActiveCfg = Debug|Any CPU
		{8661DFC5-95CD-468A-860C-9A89B6E87005}.Debug|Any CPU.Build.0 = Debug|Any CPU
		{8661DFC5-95CD-468A-860C-9A89B6E87005}.Release|Any CPU.ActiveCfg = Release|Any CPU
		{8661DFC5-95CD-468A-860C-9A89B6E87005}.Release|Any CPU.Build.0 = Release|Any CPU
		{CA578BA4-6D80-4ED7-BDBC-C636C6A69BA2}.Debug|Any CPU.ActiveCfg = Debug|Any CPU
		{CA578BA4-6D80-4ED7-BDBC-C636C6A69BA2}.Debug|Any CPU.Build.0 = Debug|Any CPU
		{CA578BA4-6D80-4ED7-BDBC-C636C6A69BA2}.Release|Any CPU.ActiveCfg = Release|Any CPU
		{CA578BA4-6D80-4ED7-BDBC-C636C6A69BA2}.Release|Any CPU.Build.0 = Release|Any CPU
		{80868612-44ED-438A-B370-5C682E08D796}.Debug|Any CPU.ActiveCfg = Debug|Any CPU
		{80868612-44ED-438A-B370-5C682E08D796}.Debug|Any CPU.Build.0 = Debug|Any CPU
		{80868612-44ED-438A-B370-5C682E08D796}.Release|Any CPU.ActiveCfg = Release|Any CPU
		{80868612-44ED-438A-B370-5C682E08D796}.Release|Any CPU.Build.0 = Release|Any CPU
		{8C0D5D15-5519-4453-B405-60D0D499C12D}.Debug|Any CPU.ActiveCfg = Debug|Any CPU
		{8C0D5D15-5519-4453-B405-60D0D499C12D}.Debug|Any CPU.Build.0 = Debug|Any CPU
		{8C0D5D15-5519-4453-B405-60D0D499C12D}.Release|Any CPU.ActiveCfg = Release|Any CPU
		{8C0D5D15-5519-4453-B405-60D0D499C12D}.Release|Any CPU.Build.0 = Release|Any CPU
		{B28A37D1-39AA-4AEE-8DDF-B296D8142583}.Debug|Any CPU.ActiveCfg = Debug|Any CPU
		{B28A37D1-39AA-4AEE-8DDF-B296D8142583}.Debug|Any CPU.Build.0 = Debug|Any CPU
		{B28A37D1-39AA-4AEE-8DDF-B296D8142583}.Release|Any CPU.ActiveCfg = Release|Any CPU
		{B28A37D1-39AA-4AEE-8DDF-B296D8142583}.Release|Any CPU.Build.0 = Release|Any CPU
		{9FEBF88C-CBAE-4530-B33F-08EA5F00B6DF}.Debug|Any CPU.ActiveCfg = Debug|Any CPU
		{9FEBF88C-CBAE-4530-B33F-08EA5F00B6DF}.Debug|Any CPU.Build.0 = Debug|Any CPU
		{9FEBF88C-CBAE-4530-B33F-08EA5F00B6DF}.Release|Any CPU.ActiveCfg = Release|Any CPU
		{9FEBF88C-CBAE-4530-B33F-08EA5F00B6DF}.Release|Any CPU.Build.0 = Release|Any CPU
		{8692959F-1DDF-4767-A395-E98AE7A7F31C}.Debug|Any CPU.ActiveCfg = Debug|Any CPU
		{8692959F-1DDF-4767-A395-E98AE7A7F31C}.Debug|Any CPU.Build.0 = Debug|Any CPU
		{8692959F-1DDF-4767-A395-E98AE7A7F31C}.Release|Any CPU.ActiveCfg = Release|Any CPU
		{8692959F-1DDF-4767-A395-E98AE7A7F31C}.Release|Any CPU.Build.0 = Release|Any CPU
		{142E6F43-745E-444D-87DC-98F0981A9FE5}.Debug|Any CPU.ActiveCfg = Debug|Any CPU
		{142E6F43-745E-444D-87DC-98F0981A9FE5}.Debug|Any CPU.Build.0 = Debug|Any CPU
		{142E6F43-745E-444D-87DC-98F0981A9FE5}.Release|Any CPU.ActiveCfg = Release|Any CPU
		{142E6F43-745E-444D-87DC-98F0981A9FE5}.Release|Any CPU.Build.0 = Release|Any CPU
		{1315BBA0-E371-48C4-ABD2-1AC894591A63}.Debug|Any CPU.ActiveCfg = Debug|Any CPU
		{1315BBA0-E371-48C4-ABD2-1AC894591A63}.Debug|Any CPU.Build.0 = Debug|Any CPU
		{1315BBA0-E371-48C4-ABD2-1AC894591A63}.Release|Any CPU.ActiveCfg = Release|Any CPU
		{1315BBA0-E371-48C4-ABD2-1AC894591A63}.Release|Any CPU.Build.0 = Release|Any CPU
		{8FD994C9-5001-4FB0-888F-1F5F642CB2A7}.Debug|Any CPU.ActiveCfg = Debug|Any CPU
		{8FD994C9-5001-4FB0-888F-1F5F642CB2A7}.Debug|Any CPU.Build.0 = Debug|Any CPU
		{8FD994C9-5001-4FB0-888F-1F5F642CB2A7}.Release|Any CPU.ActiveCfg = Release|Any CPU
		{8FD994C9-5001-4FB0-888F-1F5F642CB2A7}.Release|Any CPU.Build.0 = Release|Any CPU
		{AC32D483-89D5-4426-8308-DD4C0909377E}.Debug|Any CPU.ActiveCfg = Debug|Any CPU
		{AC32D483-89D5-4426-8308-DD4C0909377E}.Debug|Any CPU.Build.0 = Debug|Any CPU
		{AC32D483-89D5-4426-8308-DD4C0909377E}.Release|Any CPU.ActiveCfg = Release|Any CPU
		{AC32D483-89D5-4426-8308-DD4C0909377E}.Release|Any CPU.Build.0 = Release|Any CPU
		{9FD8F503-EB4D-4908-8387-AEC63C90E434}.Debug|Any CPU.ActiveCfg = Debug|Any CPU
		{9FD8F503-EB4D-4908-8387-AEC63C90E434}.Debug|Any CPU.Build.0 = Debug|Any CPU
		{9FD8F503-EB4D-4908-8387-AEC63C90E434}.Release|Any CPU.ActiveCfg = Release|Any CPU
		{9FD8F503-EB4D-4908-8387-AEC63C90E434}.Release|Any CPU.Build.0 = Release|Any CPU
		{D0987C0C-7460-4CD3-A964-F93EACD43EA8}.Debug|Any CPU.ActiveCfg = Debug|Any CPU
		{D0987C0C-7460-4CD3-A964-F93EACD43EA8}.Debug|Any CPU.Build.0 = Debug|Any CPU
		{D0987C0C-7460-4CD3-A964-F93EACD43EA8}.Release|Any CPU.ActiveCfg = Release|Any CPU
		{D0987C0C-7460-4CD3-A964-F93EACD43EA8}.Release|Any CPU.Build.0 = Release|Any CPU
		{78099C44-9210-4226-AA52-9072B360F4FF}.Debug|Any CPU.ActiveCfg = Debug|Any CPU
		{78099C44-9210-4226-AA52-9072B360F4FF}.Debug|Any CPU.Build.0 = Debug|Any CPU
		{78099C44-9210-4226-AA52-9072B360F4FF}.Release|Any CPU.ActiveCfg = Release|Any CPU
		{78099C44-9210-4226-AA52-9072B360F4FF}.Release|Any CPU.Build.0 = Release|Any CPU
		{79131ED5-DC45-4A88-8A43-7FB14A83EA9E}.Debug|Any CPU.ActiveCfg = Debug|Any CPU
		{79131ED5-DC45-4A88-8A43-7FB14A83EA9E}.Debug|Any CPU.Build.0 = Debug|Any CPU
		{79131ED5-DC45-4A88-8A43-7FB14A83EA9E}.Release|Any CPU.ActiveCfg = Release|Any CPU
		{79131ED5-DC45-4A88-8A43-7FB14A83EA9E}.Release|Any CPU.Build.0 = Release|Any CPU
		{A07790CD-639E-4F36-ACFD-B8EB7D642DFB}.Debug|Any CPU.ActiveCfg = Debug|Any CPU
		{A07790CD-639E-4F36-ACFD-B8EB7D642DFB}.Debug|Any CPU.Build.0 = Debug|Any CPU
		{A07790CD-639E-4F36-ACFD-B8EB7D642DFB}.Release|Any CPU.ActiveCfg = Release|Any CPU
		{A07790CD-639E-4F36-ACFD-B8EB7D642DFB}.Release|Any CPU.Build.0 = Release|Any CPU
		{074BE588-7FFF-46E6-A009-3EA78C900200}.Debug|Any CPU.ActiveCfg = Debug|Any CPU
		{074BE588-7FFF-46E6-A009-3EA78C900200}.Debug|Any CPU.Build.0 = Debug|Any CPU
		{074BE588-7FFF-46E6-A009-3EA78C900200}.Release|Any CPU.ActiveCfg = Release|Any CPU
		{074BE588-7FFF-46E6-A009-3EA78C900200}.Release|Any CPU.Build.0 = Release|Any CPU
	EndGlobalSection
	GlobalSection(SolutionProperties) = preSolution
		HideSolutionNode = FALSE
	EndGlobalSection
	GlobalSection(ExtensibilityGlobals) = postSolution
		SolutionGuid = {A65F81C2-3918-4B2D-A7F8-84807ADC3321}
	EndGlobalSection
EndGlobal
